// !$*UTF8*$!
{
 archiveVersion = 1;
 classes = {};
 objectVersion = 77;
 objects = {
 000000000000000000000014 = { isa = "PBXFileReference"; explicitFileType = "wrapper.application"; includeInIndex = "0"; path = "KaX.app"; sourceTree = "BUILT_PRODUCTS_DIR"; };
 00000000000000000000001E = { isa = "PBXFileSystemSynchronizedRootGroup"; path = "KaX"; sourceTree = "<group>"; };
 000000000000000000000015 = { isa = "PBXFileReference"; explicitFileType = "wrapper.cfbundle"; includeInIndex = "0"; path = "KaXTests.xctest"; sourceTree = "BUILT_PRODUCTS_DIR"; };
 00000000000000000000001F = { isa = "PBXFileSystemSynchronizedRootGroup"; path = "KaXTests"; sourceTree = "<group>"; };
 000000000000000000000016 = { isa = "PBXFileReference"; explicitFileType = "wrapper.cfbundle"; includeInIndex = "0"; path = "KaXUITests.xctest"; sourceTree = "BUILT_PRODUCTS_DIR"; };
 000000000000000000000020 = { isa = "PBXFileSystemSynchronizedRootGroup"; path = "KaXUITests"; sourceTree = "<group>"; };
 000000000000000000000028 = { isa = "PBXGroup"; children = ( "000000000000000000000014", "000000000000000000000015", "000000000000000000000016", ); name = "Products"; sourceTree = "<group>"; };
 000000000000000000000029 = { isa = "PBXGroup"; children = ( "00000000000000000000001E", "00000000000000000000001F", "000000000000000000000020", "000000000000000000000028", ); sourceTree = "<group>"; };
 000000000000000000000032 = { isa = "XCBuildConfiguration"; buildSettings = { ALWAYS_SEARCH_USER_PATHS = "NO"; CLANG_ENABLE_MODULES = "YES"; CLANG_ENABLE_OBJC_ARC = "YES"; CLANG_WARN_DOCUMENTATION_COMMENTS = "YES"; CLANG_WARN_QUOTED_INCLUDE_IN_FRAMEWORK_HEADER = "YES"; GCC_C_LANGUAGE_STANDARD = "gnu17"; IPHONEOS_DEPLOYMENT_TARGET = "17.0"; SDKROOT = "iphoneos"; SWIFT_VERSION = "5.0"; SWIFT_STRICT_CONCURRENCY = "complete"; SWIFT_OPTIMIZATION_LEVEL = "-Onone"; DEBUG_INFORMATION_FORMAT = "dwarf"; ENABLE_TESTABILITY = "YES"; SWIFT_ACTIVE_COMPILATION_CONDITIONS = "DEBUG $(inherited)"; ONLY_ACTIVE_ARCH = "YES"; }; name = "Debug"; };
 000000000000000000000033 = { isa = "XCBuildConfiguration"; buildSettings = { ALWAYS_SEARCH_USER_PATHS = "NO"; CLANG_ENABLE_MODULES = "YES"; CLANG_ENABLE_OBJC_ARC = "YES"; CLANG_WARN_DOCUMENTATION_COMMENTS = "YES"; CLANG_WARN_QUOTED_INCLUDE_IN_FRAMEWORK_HEADER = "YES"; GCC_C_LANGUAGE_STANDARD = "gnu17"; IPHONEOS_DEPLOYMENT_TARGET = "17.0"; SDKROOT = "iphoneos"; SWIFT_VERSION = "5.0"; SWIFT_STRICT_CONCURRENCY = "complete"; SWIFT_OPTIMIZATION_LEVEL = "-O"; DEBUG_INFORMATION_FORMAT = "dwarf-with-dsym"; SWIFT_COMPILATION_MODE = "wholemodule"; }; name = "Release"; };
 000000000000000000000034 = { isa = "XCConfigurationList"; buildConfigurations = ( "000000000000000000000032", "000000000000000000000033", ); defaultConfigurationIsVisible = "0"; defaultConfigurationName = "Release"; };
 00000000000000000000003C = { isa = "XCBuildConfiguration"; buildSettings = { PRODUCT_NAME = "$(TARGET_NAME)"; PRODUCT_BUNDLE_IDENTIFIER = "com.doyoulikelin.kax"; GENERATE_INFOPLIST_FILE = "YES"; TARGETED_DEVICE_FAMILY = "1,2"; CODE_SIGN_STYLE = "Automatic"; SWIFT_EMIT_LOC_STRINGS = "YES"; ASSETCATALOG_COMPILER_APPICON_NAME = "AppIcon"; ASSETCATALOG_COMPILER_GLOBAL_ACCENT_COLOR_NAME = "AccentColor"; CURRENT_PROJECT_VERSION = "1"; MARKETING_VERSION = "0.1.0"; INFOPLIST_KEY_CFBundleDisplayName = "kaX"; INFOPLIST_KEY_LSApplicationCategoryType = "public.app-category.healthcare-fitness"; INFOPLIST_KEY_UIApplicationSceneManifest_Generation = "YES"; INFOPLIST_KEY_UIApplicationSupportsIndirectInputEvents = "YES"; INFOPLIST_KEY_UILaunchScreen_Generation = "YES"; INFOPLIST_KEY_UISupportedInterfaceOrientations_iPhone = "UIInterfaceOrientationPortrait"; INFOPLIST_KEY_UISupportedInterfaceOrientations_iPad = "UIInterfaceOrientationPortrait UIInterfaceOrientationPortraitUpsideDown UIInterfaceOrientationLandscapeLeft UIInterfaceOrientationLandscapeRight"; LD_RUNPATH_SEARCH_PATHS = "$(inherited) @executable_path/Frameworks"; ENABLE_PREVIEWS = "YES"; SUPPORTED_PLATFORMS = "iphoneos iphonesimulator"; SUPPORTS_MACCATALYST = "NO"; SUPPORTS_XR_DESIGNED_FOR_IPHONE_IPAD = "NO"; SWIFT_OPTIMIZATION_LEVEL = "-Onone"; DEBUG_INFORMATION_FORMAT = "dwarf"; ENABLE_TESTABILITY = "YES"; SWIFT_ACTIVE_COMPILATION_CONDITIONS = "DEBUG $(inherited)"; ONLY_ACTIVE_ARCH = "YES"; }; name = "Debug"; };
 00000000000000000000003D = { isa = "XCBuildConfiguration"; buildSettings = { PRODUCT_NAME = "$(TARGET_NAME)"; PRODUCT_BUNDLE_IDENTIFIER = "com.doyoulikelin.kax"; GENERATE_INFOPLIST_FILE = "YES"; TARGETED_DEVICE_FAMILY = "1,2"; CODE_SIGN_STYLE = "Automatic"; SWIFT_EMIT_LOC_STRINGS = "YES"; ASSETCATALOG_COMPILER_APPICON_NAME = "AppIcon"; ASSETCATALOG_COMPILER_GLOBAL_ACCENT_COLOR_NAME = "AccentColor"; CURRENT_PROJECT_VERSION = "1"; MARKETING_VERSION = "0.1.0"; INFOPLIST_KEY_CFBundleDisplayName = "kaX"; INFOPLIST_KEY_LSApplicationCategoryType = "public.app-category.healthcare-fitness"; INFOPLIST_KEY_UIApplicationSceneManifest_Generation = "YES"; INFOPLIST_KEY_UIApplicationSupportsIndirectInputEvents = "YES"; INFOPLIST_KEY_UILaunchScreen_Generation = "YES"; INFOPLIST_KEY_UISupportedInterfaceOrientations_iPhone = "UIInterfaceOrientationPortrait"; INFOPLIST_KEY_UISupportedInterfaceOrientations_iPad = "UIInterfaceOrientationPortrait UIInterfaceOrientationPortraitUpsideDown UIInterfaceOrientationLandscapeLeft UIInterfaceOrientationLandscapeRight"; LD_RUNPATH_SEARCH_PATHS = "$(inherited) @executable_path/Frameworks"; ENABLE_PREVIEWS = "YES"; SUPPORTED_PLATFORMS = "iphoneos iphonesimulator"; SUPPORTS_MACCATALYST = "NO"; SUPPORTS_XR_DESIGNED_FOR_IPHONE_IPAD = "NO"; SWIFT_OPTIMIZATION_LEVEL = "-O"; DEBUG_INFORMATION_FORMAT = "dwarf-with-dsym"; SWIFT_COMPILATION_MODE = "wholemodule"; }; name = "Release"; };
 00000000000000000000003E = { isa = "XCConfigurationList"; buildConfigurations = ( "00000000000000000000003C", "00000000000000000000003D", ); defaultConfigurationIsVisible = "0"; defaultConfigurationName = "Release"; };
 000000000000000000000064 = { isa = "PBXSourcesBuildPhase"; buildActionMask = "2147483647"; files = (); runOnlyForDeploymentPostprocessing = "0"; };
 000000000000000000000065 = { isa = "PBXFrameworksBuildPhase"; buildActionMask = "2147483647"; files = (); runOnlyForDeploymentPostprocessing = "0"; };
 000000000000000000000066 = { isa = "PBXResourcesBuildPhase"; buildActionMask = "2147483647"; files = (); runOnlyForDeploymentPostprocessing = "0"; };
 00000000000000000000000A = { isa = "PBXNativeTarget"; buildConfigurationList = "00000000000000000000003E"; buildPhases = ( "000000000000000000000064", "000000000000000000000065", "000000000000000000000066", ); buildRules = (); dependencies = (); fileSystemSynchronizedGroups = ( "00000000000000000000001E", ); name = "KaX"; packageProductDependencies = (); productName = "KaX"; productReference = "000000000000000000000014"; productType = "com.apple.product-type.application"; };
 000000000000000000000046 = { isa = "XCBuildConfiguration"; buildSettings = { PRODUCT_NAME = "$(TARGET_NAME)"; PRODUCT_BUNDLE_IDENTIFIER = "com.doyoulikelin.kax.KaXTests"; GENERATE_INFOPLIST_FILE = "YES"; TARGETED_DEVICE_FAMILY = "1,2"; CODE_SIGN_STYLE = "Automatic"; SWIFT_EMIT_LOC_STRINGS = "YES"; LD_RUNPATH_SEARCH_PATHS = "$(inherited) @executable_path/Frameworks @loader_path/Frameworks"; TEST_HOST = "$(BUILT_PRODUCTS_DIR)/KaX.app/$(BUNDLE_EXECUTABLE_FOLDER_PATH)/KaX"; BUNDLE_LOADER = "$(TEST_HOST)"; SWIFT_OPTIMIZATION_LEVEL = "-Onone"; DEBUG_INFORMATION_FORMAT = "dwarf"; ENABLE_TESTABILITY = "YES"; SWIFT_ACTIVE_COMPILATION_CONDITIONS = "DEBUG $(inherited)"; ONLY_ACTIVE_ARCH = "YES"; }; name = "Debug"; };
 000000000000000000000047 = { isa = "XCBuildConfiguration"; buildSettings = { PRODUCT_NAME = "$(TARGET_NAME)"; PRODUCT_BUNDLE_IDENTIFIER = "com.doyoulikelin.kax.KaXTests"; GENERATE_INFOPLIST_FILE = "YES"; TARGETED_DEVICE_FAMILY = "1,2"; CODE_SIGN_STYLE = "Automatic"; SWIFT_EMIT_LOC_STRINGS = "YES"; LD_RUNPATH_SEARCH_PATHS = "$(inherited) @executable_path/Frameworks @loader_path/Frameworks"; TEST_HOST = "$(BUILT_PRODUCTS_DIR)/KaX.app/$(BUNDLE_EXECUTABLE_FOLDER_PATH)/KaX"; BUNDLE_LOADER = "$(TEST_HOST)"; SWIFT_OPTIMIZATION_LEVEL = "-O"; DEBUG_INFORMATION_FORMAT = "dwarf-with-dsym"; SWIFT_COMPILATION_MODE = "wholemodule"; }; name = "Release"; };
 000000000000000000000048 = { isa = "XCConfigurationList"; buildConfigurations = ( "000000000000000000000046", "000000000000000000000047", ); defaultConfigurationIsVisible = "0"; defaultConfigurationName = "Release"; };
 00000000000000000000006E = { isa = "PBXSourcesBuildPhase"; buildActionMask = "2147483647"; files = (); runOnlyForDeploymentPostprocessing = "0"; };
 00000000000000000000006F = { isa = "PBXFrameworksBuildPhase"; buildActionMask = "2147483647"; files = (); runOnlyForDeploymentPostprocessing = "0"; };
 000000000000000000000070 = { isa = "PBXResourcesBuildPhase"; buildActionMask = "2147483647"; files = (); runOnlyForDeploymentPostprocessing = "0"; };
 000000000000000000000097 = { isa = "PBXContainerItemProxy"; containerPortal = "000000000000000000000001"; proxyType = "1"; remoteGlobalIDString = "00000000000000000000000A"; remoteInfo = "KaX"; };
 0000000000000000000000A1 = { isa = "PBXTargetDependency"; target = "00000000000000000000000A"; targetProxy = "000000000000000000000097"; };
 00000000000000000000000B = { isa = "PBXNativeTarget"; buildConfigurationList = "000000000000000000000048"; buildPhases = ( "00000000000000000000006E", "00000000000000000000006F", "000000000000000000000070", ); buildRules = (); dependencies = ( "0000000000000000000000A1", ); fileSystemSynchronizedGroups = ( "00000000000000000000001F", ); name = "KaXTests"; packageProductDependencies = (); productName = "KaXTests"; productReference = "000000000000000000000015"; productType = "com.apple.product-type.bundle.unit-test"; };
 000000000000000000000050 = { isa = "XCBuildConfiguration"; buildSettings = { PRODUCT_NAME = "$(TARGET_NAME)"; PRODUCT_BUNDLE_IDENTIFIER = "com.doyoulikelin.kax.KaXUITests"; GENERATE_INFOPLIST_FILE = "YES"; TARGETED_DEVICE_FAMILY = "1,2"; CODE_SIGN_STYLE = "Automatic"; SWIFT_EMIT_LOC_STRINGS = "YES"; LD_RUNPATH_SEARCH_PATHS = "$(inherited) @executable_path/Frameworks @loader_path/Frameworks"; TEST_TARGET_NAME = "KaX"; SWIFT_OPTIMIZATION_LEVEL = "-Onone"; DEBUG_INFORMATION_FORMAT = "dwarf"; ENABLE_TESTABILITY = "YES"; SWIFT_ACTIVE_COMPILATION_CONDITIONS = "DEBUG $(inherited)"; ONLY_ACTIVE_ARCH = "YES"; }; name = "Debug"; };
 000000000000000000000051 = { isa = "XCBuildConfiguration"; buildSettings = { PRODUCT_NAME = "$(TARGET_NAME)"; PRODUCT_BUNDLE_IDENTIFIER = "com.doyoulikelin.kax.KaXUITests"; GENERATE_INFOPLIST_FILE = "YES"; TARGETED_DEVICE_FAMILY = "1,2"; CODE_SIGN_STYLE = "Automatic"; SWIFT_EMIT_LOC_STRINGS = "YES"; LD_RUNPATH_SEARCH_PATHS = "$(inherited) @executable_path/Frameworks @loader_path/Frameworks"; TEST_TARGET_NAME = "KaX"; SWIFT_OPTIMIZATION_LEVEL = "-O"; DEBUG_INFORMATION_FORMAT = "dwarf-with-dsym"; SWIFT_COMPILATION_MODE = "wholemodule"; }; name = "Release"; };
 000000000000000000000052 = { isa = "XCConfigurationList"; buildConfigurations = ( "000000000000000000000050", "000000000000000000000051", ); defaultConfigurationIsVisible = "0"; defaultConfigurationName = "Release"; };
 000000000000000000000078 = { isa = "PBXSourcesBuildPhase"; buildActionMask = "2147483647"; files = (); runOnlyForDeploymentPostprocessing = "0"; };
 000000000000000000000079 = { isa = "PBXFrameworksBuildPhase"; buildActionMask = "2147483647"; files = (); runOnlyForDeploymentPostprocessing = "0"; };
 00000000000000000000007A = { isa = "PBXResourcesBuildPhase"; buildActionMask = "2147483647"; files = (); runOnlyForDeploymentPostprocessing = "0"; };
 000000000000000000000098 = { isa = "PBXContainerItemProxy"; containerPortal = "000000000000000000000001"; proxyType = "1"; remoteGlobalIDString = "00000000000000000000000A"; remoteInfo = "KaX"; };
 0000000000000000000000A2 = { isa = "PBXTargetDependency"; target = "00000000000000000000000A"; targetProxy = "000000000000000000000098"; };
 00000000000000000000000C = { isa = "PBXNativeTarget"; buildConfigurationList = "000000000000000000000052"; buildPhases = ( "000000000000000000000078", "000000000000000000000079", "00000000000000000000007A", ); buildRules = (); dependencies = ( "0000000000000000000000A2", ); fileSystemSynchronizedGroups = ( "000000000000000000000020", ); name = "KaXUITests"; packageProductDependencies = (); productName = "KaXUITests"; productReference = "000000000000000000000016"; productType = "com.apple.product-type.bundle.ui-testing"; };
 000000000000000000000001 = { isa = "PBXProject"; attributes = { BuildIndependentTargetsInParallel = "YES"; LastSwiftUpdateCheck = "2630"; LastUpgradeCheck = "2630"; TargetAttributes = { 00000000000000000000000A = { CreatedOnToolsVersion = "26.3"; }; 00000000000000000000000B = { CreatedOnToolsVersion = "26.3"; TestTargetID = "00000000000000000000000A"; }; 00000000000000000000000C = { CreatedOnToolsVersion = "26.3"; TestTargetID = "00000000000000000000000A"; }; }; }; buildConfigurationList = "000000000000000000000034"; developmentRegion = "zh-Hans"; hasScannedForEncodings = "0"; knownRegions = ( "zh-Hans", "en", "Base", ); mainGroup = "000000000000000000000029"; minimizedProjectReferenceProxies = "1"; preferredProjectObjectVersion = "77"; productRefGroup = "000000000000000000000028"; projectDirPath = ""; projectRoot = ""; targets = ( "00000000000000000000000A", "00000000000000000000000B", "00000000000000000000000C", ); };
 };
 rootObject = 000000000000000000000001;
}
